
Microsoft Visual Studio Solution File, Format Version 12.00
# Visual Studio Version 16
VisualStudioVersion = 16.0.30711.63
MinimumVisualStudioVersion = 10.0.40219.1
Project("{FAE04EC0-301F-11D3-BF4B-00C04F79EFBC}") = "APIDemo", "APIDemo.csproj", "{E7696EB5-96DB-4443-BEC8-82F60E37AFA9}"
EndProject
Global
	GlobalSection(SolutionConfigurationPlatforms) = preSolution
		Debug|Any CPU = Debug|Any CPU
		Release|Any CPU = Release|Any CPU
	EndGlobalSection
	GlobalSection(ProjectConfigurationPlatforms) = postSolution
		{E7696EB5-96DB-4443-BEC8-82F60E37AFA9}.Debug|Any CPU.ActiveCfg = Debug|Any CPU
		{E7696EB5-96DB-4443-BEC8-82F60E37AFA9}.Debug|Any CPU.Build.0 = Debug|Any CPU
		{E7696EB5-96DB-4443-BEC8-82F60E37AFA9}.Release|Any CPU.ActiveCfg = Release|Any CPU
		{E7696EB5-96DB-4443-BEC8-82F60E37AFA9}.Release|Any CPU.Build.0 = Release|Any CPU
	EndGlobalSection
	GlobalSection(SolutionProperties) = preSolution
		HideSolutionNode = FALSE
	EndGlobalSection
	GlobalSection(ExtensibilityGlobals) = postSolution
		SolutionGuid = {E546C7F0-3446-4A4D-B7B2-57C08B59E5D5}
	EndGlobalSection
EndGlobal
